
Microsoft Visual Studio Solution File, Format Version 11.00
# Visual Studio 2010
Project("{8BC9CEB8-8B4A-11D0-8D11-00A0C91BC942}") = "Run For Your Life", "Run For Your Life.vcxproj", "{5399D10C-FE55-46A9-B77F-3944BC062899}"
EndProject
Global
	GlobalSection(SolutionConfigurationPlatforms) = preSolution
		Debug|Win32 = Debug|Win32
		Release|Win32 = Release|Win32
	EndGlobalSection
	GlobalSection(ProjectConfigurationPlatforms) = postSolution
		{5399D10C-FE55-46A9-B77F-3944BC062899}.Debug|Win32.ActiveCfg = Debug|Win32
		{5399D10C-FE55-46A9-B77F-3944BC062899}.Debug|Win32.Build.0 = Debug|Win32
		{5399D10C-FE55-46A9-B77F-3944BC062899}.Release|Win32.ActiveCfg = Release|Win32
		{5399D10C-FE55-46A9-B77F-3944BC062899}.Release|Win32.Build.0 = Release|Win32
	EndGlobalSection
	GlobalSection(SolutionProperties) = preSolution
		HideSolutionNode = FALSE
	EndGlobalSection
EndGlobal
